# THIS IS AN AUTOGENERATED FILE. DO NOT EDIT THIS FILE DIRECTLY.
# yarn lockfile v1


"@babel/runtime@^7.17.8":
  "integrity" "sha512-gt3PKXs0DBoL9xCvOIIZ2NEqAGZqHjAnmVbfQtB620V0uReIQutpel14KcneZuer7UioY8ALKZ7iocavvzTNFA=="
  "resolved" "https://registry.npmjs.org/@babel/runtime/-/runtime-7.20.13.tgz"
  "version" "7.20.13"
  dependencies:
    "regenerator-runtime" "^0.13.11"

"@next/env@13.1.4":
  "integrity" "sha512-x7ydhMpi9/xX7yVK+Fw33OuwwQWVZUFRxenK3z89fmPzQZyUk35Ynb+b7JkrhfRhDIFFvvqpzVSXeseSlBAw7A=="
  "resolved" "https://registry.npmjs.org/@next/env/-/env-13.1.4.tgz"
  "version" "13.1.4"

"@next/swc-darwin-x64@13.1.4":
  "integrity" "sha512-WoApDo8xfafrNc9+Mz5MwGFKUwbDHsGqLleTGZ8upegwVqDyHsYzqJQudf+loqhV58oGTOqP1eWaHn2J7dijXA=="
  "resolved" "https://registry.npmjs.org/@next/swc-darwin-x64/-/swc-darwin-x64-13.1.4.tgz"
  "version" "13.1.4"

"@react-three/fiber@latest":
  "integrity" "sha512-TuI+Re6oOSwuR8XGBLdR3KgmUetVblRKM68ex4ArcvJJrFqrKFAyiQNIWkYA4T600VeE+dn1CHAmXH6X8YgJkg=="
  "resolved" "https://registry.npmjs.org/@react-three/fiber/-/fiber-8.10.1.tgz"
  "version" "8.10.1"
  dependencies:
    "@babel/runtime" "^7.17.8"
    "@types/react-reconciler" "^0.26.7"
    "its-fine" "^1.0.6"
    "react-reconciler" "^0.27.0"
    "react-use-measure" "^2.1.1"
    "scheduler" "^0.21.0"
    "suspend-react" "^0.0.8"
    "zustand" "^3.7.1"

"@swc/helpers@0.4.14":
  "integrity" "sha512-4C7nX/dvpzB7za4Ql9K81xK3HPxCpHMgwTZVyf+9JQ6VUbn9jjZVN7/Nkdz/Ugzs2CSjqnL/UPXroiVBVHUWUw=="
  "resolved" "https://registry.npmjs.org/@swc/helpers/-/helpers-0.4.14.tgz"
  "version" "0.4.14"
  dependencies:
    "tslib" "^2.4.0"

"@types/prop-types@*":
  "integrity" "sha512-JCB8C6SnDoQf0cNycqd/35A7MjcnK+ZTqE7judS6o7utxUCg6imJg3QK2qzHKszlTjcj2cn+NwMB2i96ubpj7w=="
  "resolved" "https://registry.npmjs.org/@types/prop-types/-/prop-types-15.7.5.tgz"
  "version" "15.7.5"

"@types/react-reconciler@^0.26.7":
  "integrity" "sha512-mBDYl8x+oyPX/VBb3E638N0B7xG+SPk/EAMcVPeexqus/5aTpTphQi0curhhshOqRrc9t6OPoJfEUkbymse/lQ=="
  "resolved" "https://registry.npmjs.org/@types/react-reconciler/-/react-reconciler-0.26.7.tgz"
  "version" "0.26.7"
  dependencies:
    "@types/react" "*"

"@types/react-reconciler@^0.28.0":
  "integrity" "sha512-8tu6lHzEgYPlfDf/J6GOQdIc+gs+S2yAqlby3zTsB3SP2svlqTYe5fwZNtZyfactP74ShooP2vvi1BOp9ZemWw=="
  "resolved" "https://registry.npmjs.org/@types/react-reconciler/-/react-reconciler-0.28.2.tgz"
  "version" "0.28.2"
  dependencies:
    "@types/react" "*"

"@types/react@*":
  "integrity" "sha512-3vtRKHgVxu3Jp9t718R9BuzoD4NcQ8YJ5XRzsSKxNDiDonD2MXIT1TmSkenxuCycZJoQT5d2vE8LwWJxBC1gmA=="
  "resolved" "https://registry.npmjs.org/@types/react/-/react-18.0.27.tgz"
  "version" "18.0.27"
  dependencies:
    "@types/prop-types" "*"
    "@types/scheduler" "*"
    "csstype" "^3.0.2"

"@types/scheduler@*":
  "integrity" "sha512-hppQEBDmlwhFAXKJX2KnWLYu5yMfi91yazPb2l+lbJiwW+wdo1gNeRA+3RgNSO39WYX2euey41KEwnqesU2Jew=="
  "resolved" "https://registry.npmjs.org/@types/scheduler/-/scheduler-0.16.2.tgz"
  "version" "0.16.2"

"bulma-start@^0.0.5":
  "integrity" "sha512-Sl8mdbmxa8eZJmvAfvUqQ1yptGG/kC+VvxixH3oWj1n87rpzFetotcrIs0mldD8t6Cby3Nv+hxA/2pkzDwkaBQ=="
  "resolved" "https://registry.npmjs.org/bulma-start/-/bulma-start-0.0.5.tgz"
  "version" "0.0.5"

"bulma@^0.9.4":
  "integrity" "sha512-86FlT5+1GrsgKbPLRRY7cGDg8fsJiP/jzTqXXVqiUZZ2aZT8uemEOHlU1CDU+TxklPEZ11HZNNWclRBBecP4CQ=="
  "resolved" "https://registry.npmjs.org/bulma/-/bulma-0.9.4.tgz"
  "version" "0.9.4"

"caniuse-lite@^1.0.30001406":
  "integrity" "sha512-fEoga4PrImGcwUUGEol/PoFCSBnSkA9drgdkxXkJLsUBOnJ8rs3zDv6ApqYXGQFOyMPsjh79naWhF4DAxbF8rw=="
  "resolved" "https://registry.npmjs.org/caniuse-lite/-/caniuse-lite-1.0.30001446.tgz"
  "version" "1.0.30001446"

"client-only@0.0.1":
  "integrity" "sha512-IV3Ou0jSMzZrd3pZ48nLkT9DA7Ag1pnPzaiQhpW7c3RbcqqzvzzVu+L8gfqMp/8IM2MQtSiqaCxrrcfu8I8rMA=="
  "resolved" "https://registry.npmjs.org/client-only/-/client-only-0.0.1.tgz"
  "version" "0.0.1"

"csstype@^3.0.2":
  "integrity" "sha512-DJR/VvkAvSZW9bTouZue2sSxDwdTN92uHjqeKVm+0dAqdfNykRzQ95tay8aXMBAAPpUiq4Qcug2L7neoRh2Egw=="
  "resolved" "https://registry.npmjs.org/csstype/-/csstype-3.1.1.tgz"
  "version" "3.1.1"

"debounce@^1.2.1":
  "integrity" "sha512-XRRe6Glud4rd/ZGQfiV1ruXSfbvfJedlV9Y6zOlP+2K04vBYiJEte6stfFkCP03aMnY5tsipamumUjL14fofug=="
  "resolved" "https://registry.npmjs.org/debounce/-/debounce-1.2.1.tgz"
  "version" "1.2.1"

"its-fine@^1.0.6":
  "integrity" "sha512-MagTA9/J6kN3aEQsQu6by3nyrttCm0whCOYo4SfiNzOfYgcr1cb29mJ3zgluaJboaWOL/lHzJeMXi/QGSCfX1Q=="
  "resolved" "https://registry.npmjs.org/its-fine/-/its-fine-1.0.8.tgz"
  "version" "1.0.8"
  dependencies:
    "@types/react-reconciler" "^0.28.0"

"js-tokens@^3.0.0 || ^4.0.0":
  "integrity" "sha512-RdJUflcE3cUzKiMqQgsCu06FPu9UdIJO0beYbPhHN4k6apgJtifcoCtT9bcxOpYBtpD2kCM6Sbzg4CausW/PKQ=="
  "resolved" "https://registry.npmjs.org/js-tokens/-/js-tokens-4.0.0.tgz"
  "version" "4.0.0"

"loose-envify@^1.1.0":
  "integrity" "sha512-lyuxPGr/Wfhrlem2CL/UcnUc1zcqKAImBDzukY7Y5F/yQiNdko6+fRLevlw1HgMySw7f611UIY408EtxRSoK3Q=="
  "resolved" "https://registry.npmjs.org/loose-envify/-/loose-envify-1.4.0.tgz"
  "version" "1.4.0"
  dependencies:
    "js-tokens" "^3.0.0 || ^4.0.0"

"nanoid@^3.3.4":
  "integrity" "sha512-MqBkQh/OHTS2egovRtLk45wEyNXwF+cokD+1YPf9u5VfJiRdAiRwB2froX5Co9Rh20xs4siNPm8naNotSD6RBw=="
  "resolved" "https://registry.npmjs.org/nanoid/-/nanoid-3.3.4.tgz"
  "version" "3.3.4"

"next@13.1.4":
  "integrity" "sha512-g0oBUU+tcOPKbXTVdsDO2adc6wd/ggqauHHysPQJxuIKqZ+fwICGJht0C5D5V0A/77eQDF5EFwNdAHkFvBDsog=="
  "resolved" "https://registry.npmjs.org/next/-/next-13.1.4.tgz"
  "version" "13.1.4"
  dependencies:
    "@next/env" "13.1.4"
    "@swc/helpers" "0.4.14"
    "caniuse-lite" "^1.0.30001406"
    "postcss" "8.4.14"
    "styled-jsx" "5.1.1"
  optionalDependencies:
    "@next/swc-android-arm-eabi" "13.1.4"
    "@next/swc-android-arm64" "13.1.4"
    "@next/swc-darwin-arm64" "13.1.4"
    "@next/swc-darwin-x64" "13.1.4"
    "@next/swc-freebsd-x64" "13.1.4"
    "@next/swc-linux-arm-gnueabihf" "13.1.4"
    "@next/swc-linux-arm64-gnu" "13.1.4"
    "@next/swc-linux-arm64-musl" "13.1.4"
    "@next/swc-linux-x64-gnu" "13.1.4"
    "@next/swc-linux-x64-musl" "13.1.4"
    "@next/swc-win32-arm64-msvc" "13.1.4"
    "@next/swc-win32-ia32-msvc" "13.1.4"
    "@next/swc-win32-x64-msvc" "13.1.4"

"picocolors@^1.0.0":
  "integrity" "sha512-1fygroTLlHu66zi26VoTDv8yRgm0Fccecssto+MhsZ0D/DGW2sm8E8AjW7NU5VVTRt5GxbeZ5qBuJr+HyLYkjQ=="
  "resolved" "https://registry.npmjs.org/picocolors/-/picocolors-1.0.0.tgz"
  "version" "1.0.0"

"postcss@8.4.14":
  "integrity" "sha512-E398TUmfAYFPBSdzgeieK2Y1+1cpdxJx8yXbK/m57nRhKSmk1GB2tO4lbLBtlkfPQTDKfe4Xqv1ASWPpayPEig=="
  "resolved" "https://registry.npmjs.org/postcss/-/postcss-8.4.14.tgz"
  "version" "8.4.14"
  dependencies:
    "nanoid" "^3.3.4"
    "picocolors" "^1.0.0"
    "source-map-js" "^1.0.2"

"react-dom@^18.2.0", "react-dom@>=16.13", "react-dom@>=17.0", "react-dom@>=18.0", "react-dom@18.2.0":
  "integrity" "sha512-6IMTriUmvsjHUjNtEDudZfuDQUoWXVxKHhlEGSk81n4YFS+r/Kl99wXiwlVXtPBtJenozv2P+hxDsw9eA7Xo6g=="
  "resolved" "https://registry.npmjs.org/react-dom/-/react-dom-18.2.0.tgz"
  "version" "18.2.0"
  dependencies:
    "loose-envify" "^1.1.0"
    "scheduler" "^0.23.0"

"react-reconciler@^0.27.0":
  "integrity" "sha512-HmMDKciQjYmBRGuuhIaKA1ba/7a+UsM5FzOZsMO2JYHt9Jh8reCb7j1eDC95NOyUlKM9KRyvdx0flBuDvYSBoA=="
  "resolved" "https://registry.npmjs.org/react-reconciler/-/react-reconciler-0.27.0.tgz"
  "version" "0.27.0"
  dependencies:
    "loose-envify" "^1.1.0"
    "scheduler" "^0.21.0"

"react-three-fiber@^6.0.13":
  "integrity" "sha512-uShQnkMVLvnzwf3YzY9mnzCnpmLpvTQkc0ycrtwk8fyjXmZt2695tLn3tufPF6uxq06UKJRKJcjCVCMXyUcEPQ=="
  "resolved" "https://registry.npmjs.org/react-three-fiber/-/react-three-fiber-6.0.13.tgz"
  "version" "6.0.13"
  dependencies:
    "@react-three/fiber" "latest"

"react-use-measure@^2.1.1":
  "integrity" "sha512-nocZhN26cproIiIduswYpV5y5lQpSQS1y/4KuvUCjSKmw7ZWIS/+g3aFnX3WdBkyuGUtTLif3UTqnLLhbDoQig=="
  "resolved" "https://registry.npmjs.org/react-use-measure/-/react-use-measure-2.1.1.tgz"
  "version" "2.1.1"
  dependencies:
    "debounce" "^1.2.1"

"react@^18.0.0", "react@^18.2.0", "react@>= 16.8.0 || 17.x.x || ^18.0.0-0", "react@>=16.13", "react@>=16.8", "react@>=17.0", "react@>=18.0", "react@18.2.0":
  "integrity" "sha512-/3IjMdb2L9QbBdWiW5e3P2/npwMBaU9mHCSCUzNln0ZCYbcfTsGbTJrU/kGemdH2IWmB2ioZ+zkxtmq6g09fGQ=="
  "resolved" "https://registry.npmjs.org/react/-/react-18.2.0.tgz"
  "version" "18.2.0"
  dependencies:
    "loose-envify" "^1.1.0"

"regenerator-runtime@^0.13.11":
  "integrity" "sha512-kY1AZVr2Ra+t+piVaJ4gxaFaReZVH40AKNo7UCX6W+dEwBo/2oZJzqfuN1qLq1oL45o56cPaTXELwrTh8Fpggg=="
  "resolved" "https://registry.npmjs.org/regenerator-runtime/-/regenerator-runtime-0.13.11.tgz"
  "version" "0.13.11"

"scheduler@^0.21.0":
  "integrity" "sha512-1r87x5fz9MXqswA2ERLo0EbOAU74DpIUO090gIasYTqlVoJeMcl+Z1Rg7WHz+qtPujhS/hGIt9kxZOYBV3faRQ=="
  "resolved" "https://registry.npmjs.org/scheduler/-/scheduler-0.21.0.tgz"
  "version" "0.21.0"
  dependencies:
    "loose-envify" "^1.1.0"

"scheduler@^0.23.0":
  "integrity" "sha512-CtuThmgHNg7zIZWAXi3AsyIzA3n4xx7aNyjwC2VJldO2LMVDhFK+63xGqq6CsJH4rTAt6/M+N4GhZiDYPx9eUw=="
  "resolved" "https://registry.npmjs.org/scheduler/-/scheduler-0.23.0.tgz"
  "version" "0.23.0"
  dependencies:
    "loose-envify" "^1.1.0"

"source-map-js@^1.0.2":
  "integrity" "sha512-R0XvVJ9WusLiqTCEiGCmICCMplcCkIwwR11mOSD9CR5u+IXYdiseeEuXCVAjS54zqwkLcPNnmU4OeJ6tUrWhDw=="
  "resolved" "https://registry.npmjs.org/source-map-js/-/source-map-js-1.0.2.tgz"
  "version" "1.0.2"

"styled-jsx@5.1.1":
  "integrity" "sha512-pW7uC1l4mBZ8ugbiZrcIsiIvVx1UmTfw7UkC3Um2tmfUq9Bhk8IiyEIPl6F8agHgjzku6j0xQEZbfA5uSgSaCw=="
  "resolved" "https://registry.npmjs.org/styled-jsx/-/styled-jsx-5.1.1.tgz"
  "version" "5.1.1"
  dependencies:
    "client-only" "0.0.1"

"suspend-react@^0.0.8":
  "integrity" "sha512-ZC3r8Hu1y0dIThzsGw0RLZplnX9yXwfItcvaIzJc2VQVi8TGyGDlu92syMB5ulybfvGLHAI5Ghzlk23UBPF8xg=="
  "resolved" "https://registry.npmjs.org/suspend-react/-/suspend-react-0.0.8.tgz"
  "version" "0.0.8"

"three@>=0.126", "three@>=0.133":
  "integrity" "sha512-8uzVV+qhTPi0bOFs/3te3RW6hb3urL8jYEl6irjCWo/l6sr8MPNMcClFev/MMYeIxr0gmDcoXTy/8LXh/LXkfw=="
  "resolved" "https://registry.npmjs.org/three/-/three-0.148.0.tgz"
  "version" "0.148.0"

"tslib@^2.4.0":
  "integrity" "sha512-tGyy4dAjRIEwI7BzsB0lynWgOpfqjUdq91XXAlIWD2OwKBH7oCl/GZG/HT4BOHrTlPMOASlMQ7veyTqpmRcrNA=="
  "resolved" "https://registry.npmjs.org/tslib/-/tslib-2.4.1.tgz"
  "version" "2.4.1"

"zustand@^3.7.1":
  "integrity" "sha512-PIJDIZKtokhof+9+60cpockVOq05sJzHCriyvaLBmEJixseQ1a5Kdov6fWZfWOu5SK9c+FhH1jU0tntLxRJYMA=="
  "resolved" "https://registry.npmjs.org/zustand/-/zustand-3.7.2.tgz"
  "version" "3.7.2"
